
Microsoft Visual Studio Solution File, Format Version 12.00
# Visual Studio Version 16
VisualStudioVersion = 16.0.31025.194
MinimumVisualStudioVersion = 10.0.40219.1
Project("{FAE04EC0-301F-11D3-BF4B-00C04F79EFBC}") = "ProcesarItemGastoPIPSG", "ProcesarItemGastoPIPSG\ProcesarItemGastoPIPSG.csproj", "{BF650935-3DD0-45DB-B1E6-D616E4F90209}"
EndProject
Global
	GlobalSection(SolutionConfigurationPlatforms) = preSolution
		Debug|Any CPU = Debug|Any CPU
		Release|Any CPU = Release|Any CPU
	EndGlobalSection
	GlobalSection(ProjectConfigurationPlatforms) = postSolution
		{BF650935-3DD0-45DB-B1E6-D616E4F90209}.Debug|Any CPU.ActiveCfg = Debug|Any CPU
		{BF650935-3DD0-45DB-B1E6-D616E4F90209}.Debug|Any CPU.Build.0 = Debug|Any CPU
		{BF650935-3DD0-45DB-B1E6-D616E4F90209}.Release|Any CPU.ActiveCfg = Release|Any CPU
		{BF650935-3DD0-45DB-B1E6-D616E4F90209}.Release|Any CPU.Build.0 = Release|Any CPU
	EndGlobalSection
	GlobalSection(SolutionProperties) = preSolution
		HideSolutionNode = FALSE
	EndGlobalSection
	GlobalSection(ExtensibilityGlobals) = postSolution
		SolutionGuid = {6BBC52C1-ABB9-4DDC-B5B7-103AF5736FE9}
	EndGlobalSection
EndGlobal
